
Microsoft Visual Studio Solution File, Format Version 12.00
# Visual Studio Version 17
VisualStudioVersion = 17.11.35303.130
MinimumVisualStudioVersion = 10.0.40219.1
Project("{FAE04EC0-301F-11D3-BF4B-00C04F79EFBC}") = "08_Tierheim", "08_Tierheim\08_Tierheim.csproj", "{DE3BF636-52B1-4AA2-B490-27B061D7F636}"
EndProject
Project("{FAE04EC0-301F-11D3-BF4B-00C04F79EFBC}") = "TestTierheim", "TestTierheim\TestTierheim.csproj", "{E95056E5-6AF1-49AD-BA74-B6B2CB037ACD}"
EndProject
Global
	GlobalSection(SolutionConfigurationPlatforms) = preSolution
		Debug|Any CPU = Debug|Any CPU
		Release|Any CPU = Release|Any CPU
	EndGlobalSection
	GlobalSection(ProjectConfigurationPlatforms) = postSolution
		{DE3BF636-52B1-4AA2-B490-27B061D7F636}.Debug|Any CPU.ActiveCfg = Debug|Any CPU
		{DE3BF636-52B1-4AA2-B490-27B061D7F636}.Debug|Any CPU.Build.0 = Debug|Any CPU
		{DE3BF636-52B1-4AA2-B490-27B061D7F636}.Release|Any CPU.ActiveCfg = Release|Any CPU
		{DE3BF636-52B1-4AA2-B490-27B061D7F636}.Release|Any CPU.Build.0 = Release|Any CPU
		{E95056E5-6AF1-49AD-BA74-B6B2CB037ACD}.Debug|Any CPU.ActiveCfg = Debug|Any CPU
		{E95056E5-6AF1-49AD-BA74-B6B2CB037ACD}.Debug|Any CPU.Build.0 = Debug|Any CPU
		{E95056E5-6AF1-49AD-BA74-B6B2CB037ACD}.Release|Any CPU.ActiveCfg = Release|Any CPU
		{E95056E5-6AF1-49AD-BA74-B6B2CB037ACD}.Release|Any CPU.Build.0 = Release|Any CPU
	EndGlobalSection
	GlobalSection(SolutionProperties) = preSolution
		HideSolutionNode = FALSE
	EndGlobalSection
	GlobalSection(ExtensibilityGlobals) = postSolution
		SolutionGuid = {F393DD32-E013-4805-AFFE-CEB2C4D6958B}
	EndGlobalSection
EndGlobal
