
Microsoft Visual Studio Solution File, Format Version 12.00
# Visual Studio Version 17
VisualStudioVersion = 17.11.35303.130
MinimumVisualStudioVersion = 10.0.40219.1
Project("{FAE04EC0-301F-11D3-BF4B-00C04F79EFBC}") = "5_Assignment4", "5_Assignment4\5_Assignment4.csproj", "{667BF689-483F-40BD-92D8-C797ADA5CD81}"
EndProject
Global
	GlobalSection(SolutionConfigurationPlatforms) = preSolution
		Debug|Any CPU = Debug|Any CPU
		Release|Any CPU = Release|Any CPU
	EndGlobalSection
	GlobalSection(ProjectConfigurationPlatforms) = postSolution
		{667BF689-483F-40BD-92D8-C797ADA5CD81}.Debug|Any CPU.ActiveCfg = Debug|Any CPU
		{667BF689-483F-40BD-92D8-C797ADA5CD81}.Debug|Any CPU.Build.0 = Debug|Any CPU
		{667BF689-483F-40BD-92D8-C797ADA5CD81}.Release|Any CPU.ActiveCfg = Release|Any CPU
		{667BF689-483F-40BD-92D8-C797ADA5CD81}.Release|Any CPU.Build.0 = Release|Any CPU
	EndGlobalSection
	GlobalSection(SolutionProperties) = preSolution
		HideSolutionNode = FALSE
	EndGlobalSection
	GlobalSection(ExtensibilityGlobals) = postSolution
		SolutionGuid = {D66114CC-30AA-45EE-BAC4-EC98FB2860FB}
	EndGlobalSection
EndGlobal
