
Microsoft Visual Studio Solution File, Format Version 12.00
# Visual Studio Version 17
VisualStudioVersion = 17.11.35303.130
MinimumVisualStudioVersion = 10.0.40219.1
Project("{FAE04EC0-301F-11D3-BF4B-00C04F79EFBC}") = "001_Programmieruebung2", "001_Programmieruebung2\001_Programmieruebung2.csproj", "{ACAD3CD5-1993-4389-9856-031E4D730E75}"
EndProject
Global
	GlobalSection(SolutionConfigurationPlatforms) = preSolution
		Debug|Any CPU = Debug|Any CPU
		Release|Any CPU = Release|Any CPU
	EndGlobalSection
	GlobalSection(ProjectConfigurationPlatforms) = postSolution
		{ACAD3CD5-1993-4389-9856-031E4D730E75}.Debug|Any CPU.ActiveCfg = Debug|Any CPU
		{ACAD3CD5-1993-4389-9856-031E4D730E75}.Debug|Any CPU.Build.0 = Debug|Any CPU
		{ACAD3CD5-1993-4389-9856-031E4D730E75}.Release|Any CPU.ActiveCfg = Release|Any CPU
		{ACAD3CD5-1993-4389-9856-031E4D730E75}.Release|Any CPU.Build.0 = Release|Any CPU
	EndGlobalSection
	GlobalSection(SolutionProperties) = preSolution
		HideSolutionNode = FALSE
	EndGlobalSection
	GlobalSection(ExtensibilityGlobals) = postSolution
		SolutionGuid = {D1924CC1-99BE-4ED7-8164-6082789B0625}
	EndGlobalSection
EndGlobal
