
Microsoft Visual Studio Solution File, Format Version 12.00
# Visual Studio Version 17
VisualStudioVersion = 17.11.35303.130
MinimumVisualStudioVersion = 10.0.40219.1
Project("{FAE04EC0-301F-11D3-BF4B-00C04F79EFBC}") = "07_Objektorientierung", "07_Objektorientierung\07_Objektorientierung.csproj", "{BCE706EC-2B2B-43AF-823A-FE31657048F9}"
EndProject
Global
	GlobalSection(SolutionConfigurationPlatforms) = preSolution
		Debug|Any CPU = Debug|Any CPU
		Release|Any CPU = Release|Any CPU
	EndGlobalSection
	GlobalSection(ProjectConfigurationPlatforms) = postSolution
		{BCE706EC-2B2B-43AF-823A-FE31657048F9}.Debug|Any CPU.ActiveCfg = Debug|Any CPU
		{BCE706EC-2B2B-43AF-823A-FE31657048F9}.Debug|Any CPU.Build.0 = Debug|Any CPU
		{BCE706EC-2B2B-43AF-823A-FE31657048F9}.Release|Any CPU.ActiveCfg = Release|Any CPU
		{BCE706EC-2B2B-43AF-823A-FE31657048F9}.Release|Any CPU.Build.0 = Release|Any CPU
	EndGlobalSection
	GlobalSection(SolutionProperties) = preSolution
		HideSolutionNode = FALSE
	EndGlobalSection
	GlobalSection(ExtensibilityGlobals) = postSolution
		SolutionGuid = {912F1FC0-E271-4168-A600-CE837C07D37D}
	EndGlobalSection
EndGlobal
